{
  "name": "redux-advanced",
  "version": "1.0.0",
  "lockfileVersion": 3,
  "requires": true,
  "packages": {
    "": {
      "name": "redux-advanced",
      "version": "1.0.0",
      "license": "MIT",
      "devDependencies": {
        "@types/jest": "^29.5.0",
        "@typescript-eslint/eslint-plugin": "^5.59.0",
        "@typescript-eslint/parser": "^5.59.0",
        "eslint": "^8.38.0",
        "eslint-config-prettier": "^8.8.0",
        "husky": "^8.0.3",
        "jest": "^29.5.0",
        "prettier": "^2.8.7",
        "ts-jest": "^29.1.0",
        "typescript": "^5.0.4"
      },
      "engines": {
        "node": ">=16"
      }
    }
  }
} 